
Microsoft Visual Studio Solution File, Format Version 12.00
# Visual Studio Version 16
VisualStudioVersion = 16.0.29905.134
MinimumVisualStudioVersion = 10.0.40219.1
Project("{FAE04EC0-301F-11D3-BF4B-00C04F79EFBC}") = "Repository", "Repository\Repository.csproj", "{F18747E1-8C8E-4559-9200-7727433E4746}"
EndProject
Project("{FAE04EC0-301F-11D3-BF4B-00C04F79EFBC}") = "Model", "Model\Model.csproj", "{D8740A4E-0E22-4811-B9B7-06701E19F44A}"
EndProject
Project("{FAE04EC0-301F-11D3-BF4B-00C04F79EFBC}") = "EntityFramework", "EntityFramework\EntityFramework.csproj", "{581BC41F-7FBF-4582-A547-3D2F215504C6}"
EndProject
Project("{FAE04EC0-301F-11D3-BF4B-00C04F79EFBC}") = "FlowerDelivery", "FlowerDelivery\FlowerDelivery.csproj", "{8EAEAC44-E963-4B2A-A753-40FC539D97F3}"
EndProject
Global
	GlobalSection(SolutionConfigurationPlatforms) = preSolution
		Debug|Any CPU = Debug|Any CPU
		Release|Any CPU = Release|Any CPU
	EndGlobalSection
	GlobalSection(ProjectConfigurationPlatforms) = postSolution
		{F18747E1-8C8E-4559-9200-7727433E4746}.Debug|Any CPU.ActiveCfg = Debug|Any CPU
		{F18747E1-8C8E-4559-9200-7727433E4746}.Debug|Any CPU.Build.0 = Debug|Any CPU
		{F18747E1-8C8E-4559-9200-7727433E4746}.Release|Any CPU.ActiveCfg = Release|Any CPU
		{F18747E1-8C8E-4559-9200-7727433E4746}.Release|Any CPU.Build.0 = Release|Any CPU
		{D8740A4E-0E22-4811-B9B7-06701E19F44A}.Debug|Any CPU.ActiveCfg = Debug|Any CPU
		{D8740A4E-0E22-4811-B9B7-06701E19F44A}.Debug|Any CPU.Build.0 = Debug|Any CPU
		{D8740A4E-0E22-4811-B9B7-06701E19F44A}.Release|Any CPU.ActiveCfg = Release|Any CPU
		{D8740A4E-0E22-4811-B9B7-06701E19F44A}.Release|Any CPU.Build.0 = Release|Any CPU
		{581BC41F-7FBF-4582-A547-3D2F215504C6}.Debug|Any CPU.ActiveCfg = Debug|Any CPU
		{581BC41F-7FBF-4582-A547-3D2F215504C6}.Debug|Any CPU.Build.0 = Debug|Any CPU
		{581BC41F-7FBF-4582-A547-3D2F215504C6}.Release|Any CPU.ActiveCfg = Release|Any CPU
		{581BC41F-7FBF-4582-A547-3D2F215504C6}.Release|Any CPU.Build.0 = Release|Any CPU
		{8EAEAC44-E963-4B2A-A753-40FC539D97F3}.Debug|Any CPU.ActiveCfg = Debug|Any CPU
		{8EAEAC44-E963-4B2A-A753-40FC539D97F3}.Debug|Any CPU.Build.0 = Debug|Any CPU
		{8EAEAC44-E963-4B2A-A753-40FC539D97F3}.Release|Any CPU.ActiveCfg = Release|Any CPU
		{8EAEAC44-E963-4B2A-A753-40FC539D97F3}.Release|Any CPU.Build.0 = Release|Any CPU
	EndGlobalSection
	GlobalSection(SolutionProperties) = preSolution
		HideSolutionNode = FALSE
	EndGlobalSection
	GlobalSection(ExtensibilityGlobals) = postSolution
		SolutionGuid = {9E6BC43D-C0E9-42C3-90C2-15B61D990579}
	EndGlobalSection
EndGlobal
